// !$*UTF8*$!
{
	archiveVersion = 1;
	classes = {
	};
	objectVersion = 50;
	objects = {

/* Begin PBXBuildFile section */
		378B7A11248B70670004EB0A /* AppDelegate.swift in Sources */ = {isa = PBXBuildFile; fileRef = 378B7A10248B70670004EB0A /* AppDelegate.swift */; };
		378B7A13248B70670004EB0A /* SceneDelegate.swift in Sources */ = {isa = PBXBuildFile; fileRef = 378B7A12248B70670004EB0A /* SceneDelegate.swift */; };
		378B7A15248B70670004EB0A /* TicTacGameView.swift in Sources */ = {isa = PBXBuildFile; fileRef = 378B7A14248B70670004EB0A /* TicTacGameView.swift */; };
		378B7A17248B70690004EB0A /* Assets.xcassets in Resources */ = {isa = PBXBuildFile; fileRef = 378B7A16248B70690004EB0A /* Assets.xcassets */; };
		378B7A1A248B70690004EB0A /* Preview Assets.xcassets in Resources */ = {isa = PBXBuildFile; fileRef = 378B7A19248B70690004EB0A /* Preview Assets.xcassets */; };
		378B7A1D248B70690004EB0A /* LaunchScreen.storyboard in Resources */ = {isa = PBXBuildFile; fileRef = 378B7A1B248B70690004EB0A /* LaunchScreen.storyboard */; };
		378B7A28248B706A0004EB0A /* TicTacToeTests.swift in Sources */ = {isa = PBXBuildFile; fileRef = 378B7A27248B706A0004EB0A /* TicTacToeTests.swift */; };
		378B7A33248B706A0004EB0A /* TicTacToeUITests.swift in Sources */ = {isa = PBXBuildFile; fileRef = 378B7A32248B706A0004EB0A /* TicTacToeUITests.swift */; };
		378B7A42248B7A470004EB0A /* TicTacToeViewModel.swift in Sources */ = {isa = PBXBuildFile; fileRef = 378B7A41248B7A470004EB0A /* TicTacToeViewModel.swift */; };
/* End PBXBuildFile section */

/* Begin PBXContainerItemProxy section */
		378B7A24248B70690004EB0A /* PBXContainerItemProxy */ = {
			isa = PBXContainerItemProxy;
			containerPortal = 378B7A05248B70670004EB0A /* Project object */;
			proxyType = 1;
			remoteGlobalIDString = 378B7A0C248B70670004EB0A;
			remoteInfo = TicTacToe;
		};
		378B7A2F248B706A0004EB0A /* PBXContainerItemProxy */ = {
			isa = PBXContainerItemProxy;
			containerPortal = 378B7A05248B70670004EB0A /* Project object */;
			proxyType = 1;
			remoteGlobalIDString = 378B7A0C248B70670004EB0A;
			remoteInfo = TicTacToe;
		};
/* End PBXContainerItemProxy section */

/* Begin PBXFileReference section */
		378B7A0D248B70670004EB0A /* TicTacToe.app */ = {isa = PBXFileReference; explicitFileType = wrapper.application; includeInIndex = 0; path = TicTacToe.app; sourceTree = BUILT_PRODUCTS_DIR; };
		378B7A10248B70670004EB0A /* AppDelegate.swift */ = {isa = PBXFileReference; lastKnownFileType = sourcecode.swift; path = AppDelegate.swift; sourceTree = "<group>"; };
		378B7A12248B70670004EB0A /* SceneDelegate.swift */ = {isa = PBXFileReference; lastKnownFileType = sourcecode.swift; path = SceneDelegate.swift; sourceTree = "<group>"; };
		378B7A14248B70670004EB0A /* TicTacGameView.swift */ = {isa = PBXFileReference; lastKnownFileType = sourcecode.swift; path = TicTacGameView.swift; sourceTree = "<group>"; };
		378B7A16248B70690004EB0A /* Assets.xcassets */ = {isa = PBXFileReference; lastKnownFileType = folder.assetcatalog; path = Assets.xcassets; sourceTree = "<group>"; };
		378B7A19248B70690004EB0A /* Preview Assets.xcassets */ = {isa = PBXFileReference; lastKnownFileType = folder.assetcatalog; path = "Preview Assets.xcassets"; sourceTree = "<group>"; };
		378B7A1C248B70690004EB0A /* Base */ = {isa = PBXFileReference; lastKnownFileType = file.storyboard; name = Base; path = Base.lproj/LaunchScreen.storyboard; sourceTree = "<group>"; };
		378B7A1E248B70690004EB0A /* Info.plist */ = {isa = PBXFileReference; lastKnownFileType = text.plist.xml; path = Info.plist; sourceTree = "<group>"; };
		378B7A23248B70690004EB0A /* TicTacToeTests.xctest */ = {isa = PBXFileReference; explicitFileType = wrapper.cfbundle; includeInIndex = 0; path = TicTacToeTests.xctest; sourceTree = BUILT_PRODUCTS_DIR; };
		378B7A27248B706A0004EB0A /* TicTacToeTests.swift */ = {isa = PBXFileReference; lastKnownFileType = sourcecode.swift; path = TicTacToeTests.swift; sourceTree = "<group>"; };
		378B7A29248B706A0004EB0A /* Info.plist */ = {isa = PBXFileReference; lastKnownFileType = text.plist.xml; path = Info.plist; sourceTree = "<group>"; };
		378B7A2E248B706A0004EB0A /* TicTacToeUITests.xctest */ = {isa = PBXFileReference; explicitFileType = wrapper.cfbundle; includeInIndex = 0; path = TicTacToeUITests.xctest; sourceTree = BUILT_PRODUCTS_DIR; };
		378B7A32248B706A0004EB0A /* TicTacToeUITests.swift */ = {isa = PBXFileReference; lastKnownFileType = sourcecode.swift; path = TicTacToeUITests.swift; sourceTree = "<group>"; };
		378B7A34248B706A0004EB0A /* Info.plist */ = {isa = PBXFileReference; lastKnownFileType = text.plist.xml; path = Info.plist; sourceTree = "<group>"; };
		378B7A40248B717C0004EB0A /* TicTacToe.entitlements */ = {isa = PBXFileReference; lastKnownFileType = text.plist.entitlements; path = TicTacToe.entitlements; sourceTree = "<group>"; };
		378B7A41248B7A470004EB0A /* TicTacToeViewModel.swift */ = {isa = PBXFileReference; lastKnownFileType = sourcecode.swift; path = TicTacToeViewModel.swift; sourceTree = "<group>"; };
/* End PBXFileReference section */

/* Begin PBXFrameworksBuildPhase section */
		378B7A0A248B70670004EB0A /* Frameworks */ = {
			isa = PBXFrameworksBuildPhase;
			buildActionMask = 2147483647;
			files = (
			);
			runOnlyForDeploymentPostprocessing = 0;
		};
		378B7A20248B70690004EB0A /* Frameworks */ = {
			isa = PBXFrameworksBuildPhase;
			buildActionMask = 2147483647;
			files = (
			);
			runOnlyForDeploymentPostprocessing = 0;
		};
		378B7A2B248B706A0004EB0A /* Frameworks */ = {
			isa = PBXFrameworksBuildPhase;
			buildActionMask = 2147483647;
			files = (
			);
			runOnlyForDeploymentPostprocessing = 0;
		};
/* End PBXFrameworksBuildPhase section */

/* Begin PBXGroup section */
		378B7A04248B70670004EB0A = {
			isa = PBXGroup;
			children = (
				378B7A0F248B70670004EB0A /* TicTacToe */,
				378B7A26248B706A0004EB0A /* TicTacToeTests */,
				378B7A31248B706A0004EB0A /* TicTacToeUITests */,
				378B7A0E248B70670004EB0A /* Products */,
			);
			sourceTree = "<group>";
		};
		378B7A0E248B70670004EB0A /* Products */ = {
			isa = PBXGroup;
			children = (
				378B7A0D248B70670004EB0A /* TicTacToe.app */,
				378B7A23248B70690004EB0A /* TicTacToeTests.xctest */,
				378B7A2E248B706A0004EB0A /* TicTacToeUITests.xctest */,
			);
			name = Products;
			sourceTree = "<group>";
		};
		378B7A0F248B70670004EB0A /* TicTacToe */ = {
			isa = PBXGroup;
			children = (
				378B7A40248B717C0004EB0A /* TicTacToe.entitlements */,
				378B7A10248B70670004EB0A /* AppDelegate.swift */,
				378B7A12248B70670004EB0A /* SceneDelegate.swift */,
				378B7A14248B70670004EB0A /* TicTacGameView.swift */,
				378B7A16248B70690004EB0A /* Assets.xcassets */,
				378B7A1B248B70690004EB0A /* LaunchScreen.storyboard */,
				378B7A1E248B70690004EB0A /* Info.plist */,
				378B7A18248B70690004EB0A /* Preview Content */,
				378B7A41248B7A470004EB0A /* TicTacToeViewModel.swift */,
			);
			path = TicTacToe;
			sourceTree = "<group>";
		};
		378B7A18248B70690004EB0A /* Preview Content */ = {
			isa = PBXGroup;
			children = (
				378B7A19248B70690004EB0A /* Preview Assets.xcassets */,
			);
			path = "Preview Content";
			sourceTree = "<group>";
		};
		378B7A26248B706A0004EB0A /* TicTacToeTests */ = {
			isa = PBXGroup;
			children = (
				378B7A27248B706A0004EB0A /* TicTacToeTests.swift */,
				378B7A29248B706A0004EB0A /* Info.plist */,
			);
			path = TicTacToeTests;
			sourceTree = "<group>";
		};
		378B7A31248B706A0004EB0A /* TicTacToeUITests */ = {
			isa = PBXGroup;
			children = (
				378B7A32248B706A0004EB0A /* TicTacToeUITests.swift */,
				378B7A34248B706A0004EB0A /* Info.plist */,
			);
			path = TicTacToeUITests;
			sourceTree = "<group>";
		};
/* End PBXGroup section */

/* Begin PBXNativeTarget section */
		378B7A0C248B70670004EB0A /* TicTacToe */ = {
			isa = PBXNativeTarget;
			buildConfigurationList = 378B7A37248B706A0004EB0A /* Build configuration list for PBXNativeTarget "TicTacToe" */;
			buildPhases = (
				378B7A09248B70670004EB0A /* Sources */,
				378B7A0A248B70670004EB0A /* Frameworks */,
				378B7A0B248B70670004EB0A /* Resources */,
			);
			buildRules = (
			);
			dependencies = (
			);
			name = TicTacToe;
			productName = TicTacToe;
			productReference = 378B7A0D248B70670004EB0A /* TicTacToe.app */;
			productType = "com.apple.product-type.application";
		};
		378B7A22248B70690004EB0A /* TicTacToeTests */ = {
			isa = PBXNativeTarget;
			buildConfigurationList = 378B7A3A248B706A0004EB0A /* Build configuration list for PBXNativeTarget "TicTacToeTests" */;
			buildPhases = (
				378B7A1F248B70690004EB0A /* Sources */,
				378B7A20248B70690004EB0A /* Frameworks */,
				378B7A21248B70690004EB0A /* Resources */,
			);
			buildRules = (
			);
			dependencies = (
				378B7A25248B70690004EB0A /* PBXTargetDependency */,
			);
			name = TicTacToeTests;
			productName = TicTacToeTests;
			productReference = 378B7A23248B70690004EB0A /* TicTacToeTests.xctest */;
			productType = "com.apple.product-type.bundle.unit-test";
		};
		378B7A2D248B706A0004EB0A /* TicTacToeUITests */ = {
			isa = PBXNativeTarget;
			buildConfigurationList = 378B7A3D248B706A0004EB0A /* Build configuration list for PBXNativeTarget "TicTacToeUITests" */;
			buildPhases = (
				378B7A2A248B706A0004EB0A /* Sources */,
				378B7A2B248B706A0004EB0A /* Frameworks */,
				378B7A2C248B706A0004EB0A /* Resources */,
			);
			buildRules = (
			);
			dependencies = (
				378B7A30248B706A0004EB0A /* PBXTargetDependency */,
			);
			name = TicTacToeUITests;
			productName = TicTacToeUITests;
			productReference = 378B7A2E248B706A0004EB0A /* TicTacToeUITests.xctest */;
			productType = "com.apple.product-type.bundle.ui-testing";
		};
/* End PBXNativeTarget section */

/* Begin PBXProject section */
		378B7A05248B70670004EB0A /* Project object */ = {
			isa = PBXProject;
			attributes = {
				LastSwiftUpdateCheck = 1150;
				LastUpgradeCheck = 1150;
				ORGANIZATIONNAME = "Jacob Su";
				TargetAttributes = {
					378B7A0C248B70670004EB0A = {
						CreatedOnToolsVersion = 11.5;
					};
					378B7A22248B70690004EB0A = {
						CreatedOnToolsVersion = 11.5;
						TestTargetID = 378B7A0C248B70670004EB0A;
					};
					378B7A2D248B706A0004EB0A = {
						CreatedOnToolsVersion = 11.5;
						TestTargetID = 378B7A0C248B70670004EB0A;
					};
				};
			};
			buildConfigurationList = 378B7A08248B70670004EB0A /* Build configuration list for PBXProject "TicTacToe" */;
			compatibilityVersion = "Xcode 9.3";
			developmentRegion = en;
			hasScannedForEncodings = 0;
			knownRegions = (
				en,
				Base,
			);
			mainGroup = 378B7A04248B70670004EB0A;
			productRefGroup = 378B7A0E248B70670004EB0A /* Products */;
			projectDirPath = "";
			projectRoot = "";
			targets = (
				378B7A0C248B70670004EB0A /* TicTacToe */,
				378B7A22248B70690004EB0A /* TicTacToeTests */,
				378B7A2D248B706A0004EB0A /* TicTacToeUITests */,
			);
		};
/* End PBXProject section */

/* Begin PBXResourcesBuildPhase section */
		378B7A0B248B70670004EB0A /* Resources */ = {
			isa = PBXResourcesBuildPhase;
			buildActionMask = 2147483647;
			files = (
				378B7A1D248B70690004EB0A /* LaunchScreen.storyboard in Resources */,
				378B7A1A248B70690004EB0A /* Preview Assets.xcassets in Resources */,
				378B7A17248B70690004EB0A /* Assets.xcassets in Resources */,
			);
			runOnlyForDeploymentPostprocessing = 0;
		};
		378B7A21248B70690004EB0A /* Resources */ = {
			isa = PBXResourcesBuildPhase;
			buildActionMask = 2147483647;
			files = (
			);
			runOnlyForDeploymentPostprocessing = 0;
		};
		378B7A2C248B706A0004EB0A /* Resources */ = {
			isa = PBXResourcesBuildPhase;
			buildActionMask = 2147483647;
			files = (
			);
			runOnlyForDeploymentPostprocessing = 0;
		};
/* End PBXResourcesBuildPhase section */

/* Begin PBXSourcesBuildPhase section */
		378B7A09248B70670004EB0A /* Sources */ = {
			isa = PBXSourcesBuildPhase;
			buildActionMask = 2147483647;
			files = (
				378B7A11248B70670004EB0A /* AppDelegate.swift in Sources */,
				378B7A42248B7A470004EB0A /* TicTacToeViewModel.swift in Sources */,
				378B7A13248B70670004EB0A /* SceneDelegate.swift in Sources */,
				378B7A15248B70670004EB0A /* TicTacGameView.swift in Sources */,
			);
			runOnlyForDeploymentPostprocessing = 0;
		};
		378B7A1F248B70690004EB0A /* Sources */ = {
			isa = PBXSourcesBuildPhase;
			buildActionMask = 2147483647;
			files = (
				378B7A28248B706A0004EB0A /* TicTacToeTests.swift in Sources */,
			);
			runOnlyForDeploymentPostprocessing = 0;
		};
		378B7A2A248B706A0004EB0A /* Sources */ = {
			isa = PBXSourcesBuildPhase;
			buildActionMask = 2147483647;
			files = (
				378B7A33248B706A0004EB0A /* TicTacToeUITests.swift in Sources */,
			);
			runOnlyForDeploymentPostprocessing = 0;
		};
/* End PBXSourcesBuildPhase section */

/* Begin PBXTargetDependency section */
		378B7A25248B70690004EB0A /* PBXTargetDependency */ = {
			isa = PBXTargetDependency;
			target = 378B7A0C248B70670004EB0A /* TicTacToe */;
			targetProxy = 378B7A24248B70690004EB0A /* PBXContainerItemProxy */;
		};
		378B7A30248B706A0004EB0A /* PBXTargetDependency */ = {
			isa = PBXTargetDependency;
			target = 378B7A0C248B70670004EB0A /* TicTacToe */;
			targetProxy = 378B7A2F248B706A0004EB0A /* PBXContainerItemProxy */;
		};
/* End PBXTargetDependency section */

/* Begin PBXVariantGroup section */
		378B7A1B248B70690004EB0A /* LaunchScreen.storyboard */ = {
			isa = PBXVariantGroup;
			children = (
				378B7A1C248B70690004EB0A /* Base */,
			);
			name = LaunchScreen.storyboard;
			sourceTree = "<group>";
		};
/* End PBXVariantGroup section */

/* Begin XCBuildConfiguration section */
		378B7A35248B706A0004EB0A /* Debug */ = {
			isa = XCBuildConfiguration;
			buildSettings = {
				ALWAYS_SEARCH_USER_PATHS = NO;
				CLANG_ANALYZER_NONNULL = YES;
				CLANG_ANALYZER_NUMBER_OBJECT_CONVERSION = YES_AGGRESSIVE;
				CLANG_CXX_LANGUAGE_STANDARD = "gnu++14";
				CLANG_CXX_LIBRARY = "libc++";
				CLANG_ENABLE_MODULES = YES;
				CLANG_ENABLE_OBJC_ARC = YES;
				CLANG_ENABLE_OBJC_WEAK = YES;
				CLANG_WARN_BLOCK_CAPTURE_AUTORELEASING = YES;
				CLANG_WARN_BOOL_CONVERSION = YES;
				CLANG_WARN_COMMA = YES;
				CLANG_WARN_CONSTANT_CONVERSION = YES;
				CLANG_WARN_DEPRECATED_OBJC_IMPLEMENTATIONS = YES;
				CLANG_WARN_DIRECT_OBJC_ISA_USAGE = YES_ERROR;
				CLANG_WARN_DOCUMENTATION_COMMENTS = YES;
				CLANG_WARN_EMPTY_BODY = YES;
				CLANG_WARN_ENUM_CONVERSION = YES;
				CLANG_WARN_INFINITE_RECURSION = YES;
				CLANG_WARN_INT_CONVERSION = YES;
				CLANG_WARN_NON_LITERAL_NULL_CONVERSION = YES;
				CLANG_WARN_OBJC_IMPLICIT_RETAIN_SELF = YES;
				CLANG_WARN_OBJC_LITERAL_CONVERSION = YES;
				CLANG_WARN_OBJC_ROOT_CLASS = YES_ERROR;
				CLANG_WARN_RANGE_LOOP_ANALYSIS = YES;
				CLANG_WARN_STRICT_PROTOTYPES = YES;
				CLANG_WARN_SUSPICIOUS_MOVE = YES;
				CLANG_WARN_UNGUARDED_AVAILABILITY = YES_AGGRESSIVE;
				CLANG_WARN_UNREACHABLE_CODE = YES;
				CLANG_WARN__DUPLICATE_METHOD_MATCH = YES;
				COPY_PHASE_STRIP = NO;
				DEBUG_INFORMATION_FORMAT = dwarf;
				ENABLE_STRICT_OBJC_MSGSEND = YES;
				ENABLE_TESTABILITY = YES;
				GCC_C_LANGUAGE_STANDARD = gnu11;
				GCC_DYNAMIC_NO_PIC = NO;
				GCC_NO_COMMON_BLOCKS = YES;
				GCC_OPTIMIZATION_LEVEL = 0;
				GCC_PREPROCESSOR_DEFINITIONS = (
					"DEBUG=1",
					"$(inherited)",
				);
				GCC_WARN_64_TO_32_BIT_CONVERSION = YES;
				GCC_WARN_ABOUT_RETURN_TYPE = YES_ERROR;
				GCC_WARN_UNDECLARED_SELECTOR = YES;
				GCC_WARN_UNINITIALIZED_AUTOS = YES_AGGRESSIVE;
				GCC_WARN_UNUSED_FUNCTION = YES;
				GCC_WARN_UNUSED_VARIABLE = YES;
				IPHONEOS_DEPLOYMENT_TARGET = 13.5;
				MTL_ENABLE_DEBUG_INFO = INCLUDE_SOURCE;
				MTL_FAST_MATH = YES;
				ONLY_ACTIVE_ARCH = YES;
				SDKROOT = iphoneos;
				SWIFT_ACTIVE_COMPILATION_CONDITIONS = DEBUG;
				SWIFT_OPTIMIZATION_LEVEL = "-Onone";
			};
			name = Debug;
		};
		378B7A36248B706A0004EB0A /* Release */ = {
			isa = XCBuildConfiguration;
			buildSettings = {
				ALWAYS_SEARCH_USER_PATHS = NO;
				CLANG_ANALYZER_NONNULL = YES;
				CLANG_ANALYZER_NUMBER_OBJECT_CONVERSION = YES_AGGRESSIVE;
				CLANG_CXX_LANGUAGE_STANDARD = "gnu++14";
				CLANG_CXX_LIBRARY = "libc++";
				CLANG_ENABLE_MODULES = YES;
				CLANG_ENABLE_OBJC_ARC = YES;
				CLANG_ENABLE_OBJC_WEAK = YES;
				CLANG_WARN_BLOCK_CAPTURE_AUTORELEASING = YES;
				CLANG_WARN_BOOL_CONVERSION = YES;
				CLANG_WARN_COMMA = YES;
				CLANG_WARN_CONSTANT_CONVERSION = YES;
				CLANG_WARN_DEPRECATED_OBJC_IMPLEMENTATIONS = YES;
				CLANG_WARN_DIRECT_OBJC_ISA_USAGE = YES_ERROR;
				CLANG_WARN_DOCUMENTATION_COMMENTS = YES;
				CLANG_WARN_EMPTY_BODY = YES;
				CLANG_WARN_ENUM_CONVERSION = YES;
				CLANG_WARN_INFINITE_RECURSION = YES;
				CLANG_WARN_INT_CONVERSION = YES;
				CLANG_WARN_NON_LITERAL_NULL_CONVERSION = YES;
				CLANG_WARN_OBJC_IMPLICIT_RETAIN_SELF = YES;
				CLANG_WARN_OBJC_LITERAL_CONVERSION = YES;
				CLANG_WARN_OBJC_ROOT_CLASS = YES_ERROR;
				CLANG_WARN_RANGE_LOOP_ANALYSIS = YES;
				CLANG_WARN_STRICT_PROTOTYPES = YES;
				CLANG_WARN_SUSPICIOUS_MOVE = YES;
				CLANG_WARN_UNGUARDED_AVAILABILITY = YES_AGGRESSIVE;
				CLANG_WARN_UNREACHABLE_CODE = YES;
				CLANG_WARN__DUPLICATE_METHOD_MATCH = YES;
				COPY_PHASE_STRIP = NO;
				DEBUG_INFORMATION_FORMAT = "dwarf-with-dsym";
				ENABLE_NS_ASSERTIONS = NO;
				ENABLE_STRICT_OBJC_MSGSEND = YES;
				GCC_C_LANGUAGE_STANDARD = gnu11;
				GCC_NO_COMMON_BLOCKS = YES;
				GCC_WARN_64_TO_32_BIT_CONVERSION = YES;
				GCC_WARN_ABOUT_RETURN_TYPE = YES_ERROR;
				GCC_WARN_UNDECLARED_SELECTOR = YES;
				GCC_WARN_UNINITIALIZED_AUTOS = YES_AGGRESSIVE;
				GCC_WARN_UNUSED_FUNCTION = YES;
				GCC_WARN_UNUSED_VARIABLE = YES;
				IPHONEOS_DEPLOYMENT_TARGET = 13.5;
				MTL_ENABLE_DEBUG_INFO = NO;
				MTL_FAST_MATH = YES;
				SDKROOT = iphoneos;
				SWIFT_COMPILATION_MODE = wholemodule;
				SWIFT_OPTIMIZATION_LEVEL = "-O";
				VALIDATE_PRODUCT = YES;
			};
			name = Release;
		};
		378B7A38248B706A0004EB0A /* Debug */ = {
			isa = XCBuildConfiguration;
			buildSettings = {
				ASSETCATALOG_COMPILER_APPICON_NAME = AppIcon;
				CODE_SIGN_ENTITLEMENTS = TicTacToe/TicTacToe.entitlements;
				CODE_SIGN_STYLE = Automatic;
				DEVELOPMENT_ASSET_PATHS = "\"TicTacToe/Preview Content\"";
				DEVELOPMENT_TEAM = 4X75RZ9C85;
				ENABLE_PREVIEWS = YES;
				INFOPLIST_FILE = TicTacToe/Info.plist;
				LD_RUNPATH_SEARCH_PATHS = (
					"$(inherited)",
					"@executable_path/Frameworks",
				);
				PRODUCT_BUNDLE_IDENTIFIER = io.github.suzp1984.TicTacToe;
				PRODUCT_NAME = "$(TARGET_NAME)";
				SUPPORTS_MACCATALYST = YES;
				SWIFT_VERSION = 5.0;
				TARGETED_DEVICE_FAMILY = "1,2";
			};
			name = Debug;
		};
		378B7A39248B706A0004EB0A /* Release */ = {
			isa = XCBuildConfiguration;
			buildSettings = {
				ASSETCATALOG_COMPILER_APPICON_NAME = AppIcon;
				CODE_SIGN_ENTITLEMENTS = TicTacToe/TicTacToe.entitlements;
				CODE_SIGN_STYLE = Automatic;
				DEVELOPMENT_ASSET_PATHS = "\"TicTacToe/Preview Content\"";
				DEVELOPMENT_TEAM = 4X75RZ9C85;
				ENABLE_PREVIEWS = YES;
				INFOPLIST_FILE = TicTacToe/Info.plist;
				LD_RUNPATH_SEARCH_PATHS = (
					"$(inherited)",
					"@executable_path/Frameworks",
				);
				PRODUCT_BUNDLE_IDENTIFIER = io.github.suzp1984.TicTacToe;
				PRODUCT_NAME = "$(TARGET_NAME)";
				SUPPORTS_MACCATALYST = YES;
				SWIFT_VERSION = 5.0;
				TARGETED_DEVICE_FAMILY = "1,2";
			};
			name = Release;
		};
		378B7A3B248B706A0004EB0A /* Debug */ = {
			isa = XCBuildConfiguration;
			buildSettings = {
				ALWAYS_EMBED_SWIFT_STANDARD_LIBRARIES = YES;
				BUNDLE_LOADER = "$(TEST_HOST)";
				CODE_SIGN_STYLE = Automatic;
				DEVELOPMENT_TEAM = 4X75RZ9C85;
				INFOPLIST_FILE = TicTacToeTests/Info.plist;
				IPHONEOS_DEPLOYMENT_TARGET = 13.5;
				LD_RUNPATH_SEARCH_PATHS = (
					"$(inherited)",
					"@executable_path/Frameworks",
					"@loader_path/Frameworks",
				);
				PRODUCT_BUNDLE_IDENTIFIER = io.github.suzp1984.TicTacToeTests;
				PRODUCT_NAME = "$(TARGET_NAME)";
				SWIFT_VERSION = 5.0;
				TARGETED_DEVICE_FAMILY = "1,2";
				TEST_HOST = "$(BUILT_PRODUCTS_DIR)/TicTacToe.app/TicTacToe";
			};
			name = Debug;
		};
		378B7A3C248B706A0004EB0A /* Release */ = {
			isa = XCBuildConfiguration;
			buildSettings = {
				ALWAYS_EMBED_SWIFT_STANDARD_LIBRARIES = YES;
				BUNDLE_LOADER = "$(TEST_HOST)";
				CODE_SIGN_STYLE = Automatic;
				DEVELOPMENT_TEAM = 4X75RZ9C85;
				INFOPLIST_FILE = TicTacToeTests/Info.plist;
				IPHONEOS_DEPLOYMENT_TARGET = 13.5;
				LD_RUNPATH_SEARCH_PATHS = (
					"$(inherited)",
					"@executable_path/Frameworks",
					"@loader_path/Frameworks",
				);
				PRODUCT_BUNDLE_IDENTIFIER = io.github.suzp1984.TicTacToeTests;
				PRODUCT_NAME = "$(TARGET_NAME)";
				SWIFT_VERSION = 5.0;
				TARGETED_DEVICE_FAMILY = "1,2";
				TEST_HOST = "$(BUILT_PRODUCTS_DIR)/TicTacToe.app/TicTacToe";
			};
			name = Release;
		};
		378B7A3E248B706A0004EB0A /* Debug */ = {
			isa = XCBuildConfiguration;
			buildSettings = {
				ALWAYS_EMBED_SWIFT_STANDARD_LIBRARIES = YES;
				CODE_SIGN_STYLE = Automatic;
				DEVELOPMENT_TEAM = 4X75RZ9C85;
				INFOPLIST_FILE = TicTacToeUITests/Info.plist;
				LD_RUNPATH_SEARCH_PATHS = (
					"$(inherited)",
					"@executable_path/Frameworks",
					"@loader_path/Frameworks",
				);
				PRODUCT_BUNDLE_IDENTIFIER = io.github.suzp1984.TicTacToeUITests;
				PRODUCT_NAME = "$(TARGET_NAME)";
				SWIFT_VERSION = 5.0;
				TARGETED_DEVICE_FAMILY = "1,2";
				TEST_TARGET_NAME = TicTacToe;
			};
			name = Debug;
		};
		378B7A3F248B706A0004EB0A /* Release */ = {
			isa = XCBuildConfiguration;
			buildSettings = {
				ALWAYS_EMBED_SWIFT_STANDARD_LIBRARIES = YES;
				CODE_SIGN_STYLE = Automatic;
				DEVELOPMENT_TEAM = 4X75RZ9C85;
				INFOPLIST_FILE = TicTacToeUITests/Info.plist;
				LD_RUNPATH_SEARCH_PATHS = (
					"$(inherited)",
					"@executable_path/Frameworks",
					"@loader_path/Frameworks",
				);
				PRODUCT_BUNDLE_IDENTIFIER = io.github.suzp1984.TicTacToeUITests;
				PRODUCT_NAME = "$(TARGET_NAME)";
				SWIFT_VERSION = 5.0;
				TARGETED_DEVICE_FAMILY = "1,2";
				TEST_TARGET_NAME = TicTacToe;
			};
			name = Release;
		};
/* End XCBuildConfiguration section */

/* Begin XCConfigurationList section */
		378B7A08248B70670004EB0A /* Build configuration list for PBXProject "TicTacToe" */ = {
			isa = XCConfigurationList;
			buildConfigurations = (
				378B7A35248B706A0004EB0A /* Debug */,
				378B7A36248B706A0004EB0A /* Release */,
			);
			defaultConfigurationIsVisible = 0;
			defaultConfigurationName = Release;
		};
		378B7A37248B706A0004EB0A /* Build configuration list for PBXNativeTarget "TicTacToe" */ = {
			isa = XCConfigurationList;
			buildConfigurations = (
				378B7A38248B706A0004EB0A /* Debug */,
				378B7A39248B706A0004EB0A /* Release */,
			);
			defaultConfigurationIsVisible = 0;
			defaultConfigurationName = Release;
		};
		378B7A3A248B706A0004EB0A /* Build configuration list for PBXNativeTarget "TicTacToeTests" */ = {
			isa = XCConfigurationList;
			buildConfigurations = (
				378B7A3B248B706A0004EB0A /* Debug */,
				378B7A3C248B706A0004EB0A /* Release */,
			);
			defaultConfigurationIsVisible = 0;
			defaultConfigurationName = Release;
		};
		378B7A3D248B706A0004EB0A /* Build configuration list for PBXNativeTarget "TicTacToeUITests" */ = {
			isa = XCConfigurationList;
			buildConfigurations = (
				378B7A3E248B706A0004EB0A /* Debug */,
				378B7A3F248B706A0004EB0A /* Release */,
			);
			defaultConfigurationIsVisible = 0;
			defaultConfigurationName = Release;
		};
/* End XCConfigurationList section */
	};
	rootObject = 378B7A05248B70670004EB0A /* Project object */;
}
